
Microsoft Visual Studio Solution File, Format Version 12.00
# Visual Studio Version 17
VisualStudioVersion = 17.10.34928.147
MinimumVisualStudioVersion = 10.0.40219.1
Project("{FAE04EC0-301F-11D3-BF4B-00C04F79EFBC}") = "workforvarvara", "workforvarvara\workforvarvara.csproj", "{5B0EFCF4-4287-48F5-8BD0-BB26AC330659}"
EndProject
Global
	GlobalSection(SolutionConfigurationPlatforms) = preSolution
		Debug|Any CPU = Debug|Any CPU
		Release|Any CPU = Release|Any CPU
	EndGlobalSection
	GlobalSection(ProjectConfigurationPlatforms) = postSolution
		{5B0EFCF4-4287-48F5-8BD0-BB26AC330659}.Debug|Any CPU.ActiveCfg = Debug|Any CPU
		{5B0EFCF4-4287-48F5-8BD0-BB26AC330659}.Debug|Any CPU.Build.0 = Debug|Any CPU
		{5B0EFCF4-4287-48F5-8BD0-BB26AC330659}.Release|Any CPU.ActiveCfg = Release|Any CPU
		{5B0EFCF4-4287-48F5-8BD0-BB26AC330659}.Release|Any CPU.Build.0 = Release|Any CPU
	EndGlobalSection
	GlobalSection(SolutionProperties) = preSolution
		HideSolutionNode = FALSE
	EndGlobalSection
	GlobalSection(ExtensibilityGlobals) = postSolution
		SolutionGuid = {EA34064C-BBDC-45FC-99DC-25F47CD3DF4F}
	EndGlobalSection
EndGlobal
